
Microsoft Visual Studio Solution File, Format Version 12.00
# Visual Studio Version 17
VisualStudioVersion = 17.14.36623.8
MinimumVisualStudioVersion = 10.0.40219.1
Project("{FAE04EC0-301F-11D3-BF4B-00C04F79EFBC}") = "BreEasy", "BreEasy\BreEasy.csproj", "{4291CC82-0CB0-4AED-AD50-83545EB4BA92}"
EndProject
Project("{FAE04EC0-301F-11D3-BF4B-00C04F79EFBC}") = "BreEasyAPI", "BreEasyAPI\BreEasyAPI.csproj", "{FB939495-BECA-436F-9355-5DD9CBFCF85B}"
EndProject
Project("{FAE04EC0-301F-11D3-BF4B-00C04F79EFBC}") = "TestLocation", "TestLocation\TestLocation.csproj", "{42C91174-13C2-4087-A12E-B27EC0546950}"
EndProject
Global
	GlobalSection(SolutionConfigurationPlatforms) = preSolution
		Debug|Any CPU = Debug|Any CPU
		Release|Any CPU = Release|Any CPU
	EndGlobalSection
	GlobalSection(ProjectConfigurationPlatforms) = postSolution
		{4291CC82-0CB0-4AED-AD50-83545EB4BA92}.Debug|Any CPU.ActiveCfg = Debug|Any CPU
		{4291CC82-0CB0-4AED-AD50-83545EB4BA92}.Debug|Any CPU.Build.0 = Debug|Any CPU
		{4291CC82-0CB0-4AED-AD50-83545EB4BA92}.Release|Any CPU.ActiveCfg = Release|Any CPU
		{4291CC82-0CB0-4AED-AD50-83545EB4BA92}.Release|Any CPU.Build.0 = Release|Any CPU
		{FB939495-BECA-436F-9355-5DD9CBFCF85B}.Debug|Any CPU.ActiveCfg = Debug|Any CPU
		{FB939495-BECA-436F-9355-5DD9CBFCF85B}.Debug|Any CPU.Build.0 = Debug|Any CPU
		{FB939495-BECA-436F-9355-5DD9CBFCF85B}.Release|Any CPU.ActiveCfg = Release|Any CPU
		{FB939495-BECA-436F-9355-5DD9CBFCF85B}.Release|Any CPU.Build.0 = Release|Any CPU
		{42C91174-13C2-4087-A12E-B27EC0546950}.Debug|Any CPU.ActiveCfg = Debug|Any CPU
		{42C91174-13C2-4087-A12E-B27EC0546950}.Debug|Any CPU.Build.0 = Debug|Any CPU
		{42C91174-13C2-4087-A12E-B27EC0546950}.Release|Any CPU.ActiveCfg = Release|Any CPU
		{42C91174-13C2-4087-A12E-B27EC0546950}.Release|Any CPU.Build.0 = Release|Any CPU
	EndGlobalSection
	GlobalSection(SolutionProperties) = preSolution
		HideSolutionNode = FALSE
	EndGlobalSection
	GlobalSection(ExtensibilityGlobals) = postSolution
		SolutionGuid = {4871BE81-3DC6-4866-8227-B203A78B2002}
	EndGlobalSection
EndGlobal
